# THIS IS AN AUTOGENERATED FILE. DO NOT EDIT THIS FILE DIRECTLY.
# yarn lockfile v1


"@fortawesome/fontawesome-pro@^5.13.0":
  version "5.13.0"
  resolved "https://npm.fontawesome.com/@fortawesome/fontawesome-pro/-/5.13.0/fontawesome-pro-5.13.0.tgz#fde32ed4d9933c4c9b60b8a74a79c67eba58d984"
  integrity sha512-97Su0vmIuCdxrklVbjTzY1i16nvyKaqFmFBgrTsgeCVmyIWXNydiS62jhKlkwH9sMb8Tw4wYQ+J1EKbRILowxw==
